
Microsoft Visual Studio Solution File, Format Version 12.00
# Visual Studio Version 16
VisualStudioVersion = 16.0.30611.23
MinimumVisualStudioVersion = 10.0.40219.1
Project("{FAE04EC0-301F-11D3-BF4B-00C04F79EFBC}") = "Education", "Education\Education.csproj", "{F3877EA2-B1DB-475D-8D16-FC15B7098DE2}"
EndProject
Project("{FAE04EC0-301F-11D3-BF4B-00C04F79EFBC}") = "EducationDAL", "EducationDAL\EducationDAL.csproj", "{DEC2BA4A-07F1-480E-94A2-7EA8C1C676BC}"
EndProject
Project("{FAE04EC0-301F-11D3-BF4B-00C04F79EFBC}") = "EducationBLL", "EducationBLL\EducationBLL.csproj", "{42FBC7C7-22B9-40E2-966A-D0425784C061}"
EndProject
Project("{FAE04EC0-301F-11D3-BF4B-00C04F79EFBC}") = "EducationMODEL", "EducationMODEL\EducationMODEL.csproj", "{0DDE9496-5FB9-4573-AB5C-5507D59774B9}"
EndProject
Project("{FAE04EC0-301F-11D3-BF4B-00C04F79EFBC}") = "IEducation", "IEducation\IEducation.csproj", "{E20AB14D-3CD8-40A4-84E2-B572AE2BE6DC}"
EndProject
Global
	GlobalSection(SolutionConfigurationPlatforms) = preSolution
		Debug|Any CPU = Debug|Any CPU
		Release|Any CPU = Release|Any CPU
	EndGlobalSection
	GlobalSection(ProjectConfigurationPlatforms) = postSolution
		{F3877EA2-B1DB-475D-8D16-FC15B7098DE2}.Debug|Any CPU.ActiveCfg = Debug|Any CPU
		{F3877EA2-B1DB-475D-8D16-FC15B7098DE2}.Debug|Any CPU.Build.0 = Debug|Any CPU
		{F3877EA2-B1DB-475D-8D16-FC15B7098DE2}.Release|Any CPU.ActiveCfg = Release|Any CPU
		{F3877EA2-B1DB-475D-8D16-FC15B7098DE2}.Release|Any CPU.Build.0 = Release|Any CPU
		{DEC2BA4A-07F1-480E-94A2-7EA8C1C676BC}.Debug|Any CPU.ActiveCfg = Debug|Any CPU
		{DEC2BA4A-07F1-480E-94A2-7EA8C1C676BC}.Debug|Any CPU.Build.0 = Debug|Any CPU
		{DEC2BA4A-07F1-480E-94A2-7EA8C1C676BC}.Release|Any CPU.ActiveCfg = Release|Any CPU
		{DEC2BA4A-07F1-480E-94A2-7EA8C1C676BC}.Release|Any CPU.Build.0 = Release|Any CPU
		{42FBC7C7-22B9-40E2-966A-D0425784C061}.Debug|Any CPU.ActiveCfg = Debug|Any CPU
		{42FBC7C7-22B9-40E2-966A-D0425784C061}.Debug|Any CPU.Build.0 = Debug|Any CPU
		{42FBC7C7-22B9-40E2-966A-D0425784C061}.Release|Any CPU.ActiveCfg = Release|Any CPU
		{42FBC7C7-22B9-40E2-966A-D0425784C061}.Release|Any CPU.Build.0 = Release|Any CPU
		{0DDE9496-5FB9-4573-AB5C-5507D59774B9}.Debug|Any CPU.ActiveCfg = Debug|Any CPU
		{0DDE9496-5FB9-4573-AB5C-5507D59774B9}.Debug|Any CPU.Build.0 = Debug|Any CPU
		{0DDE9496-5FB9-4573-AB5C-5507D59774B9}.Release|Any CPU.ActiveCfg = Release|Any CPU
		{0DDE9496-5FB9-4573-AB5C-5507D59774B9}.Release|Any CPU.Build.0 = Release|Any CPU
		{E20AB14D-3CD8-40A4-84E2-B572AE2BE6DC}.Debug|Any CPU.ActiveCfg = Debug|Any CPU
		{E20AB14D-3CD8-40A4-84E2-B572AE2BE6DC}.Debug|Any CPU.Build.0 = Debug|Any CPU
		{E20AB14D-3CD8-40A4-84E2-B572AE2BE6DC}.Release|Any CPU.ActiveCfg = Release|Any CPU
		{E20AB14D-3CD8-40A4-84E2-B572AE2BE6DC}.Release|Any CPU.Build.0 = Release|Any CPU
	EndGlobalSection
	GlobalSection(SolutionProperties) = preSolution
		HideSolutionNode = FALSE
	EndGlobalSection
	GlobalSection(ExtensibilityGlobals) = postSolution
		SolutionGuid = {99242825-4D3E-4237-8823-4F5824D20BC1}
	EndGlobalSection
EndGlobal
